// !$*UTF8*$!
{
	archiveVersion = 1;
	classes = {
	};
	objectVersion = 50;
	objects = {

/* Begin PBXBuildFile section */
		408FA3D426FE386800AA97EB /* AppDelegate.swift in Sources */ = {isa = PBXBuildFile; fileRef = 408FA3D326FE386800AA97EB /* AppDelegate.swift */; };
		408FA3D626FE386800AA97EB /* SceneDelegate.swift in Sources */ = {isa = PBXBuildFile; fileRef = 408FA3D526FE386800AA97EB /* SceneDelegate.swift */; };
		408FA3D826FE386800AA97EB /* ContentView.swift in Sources */ = {isa = PBXBuildFile; fileRef = 408FA3D726FE386800AA97EB /* ContentView.swift */; };
		408FA3DA26FE387100AA97EB /* Assets.xcassets in Resources */ = {isa = PBXBuildFile; fileRef = 408FA3D926FE387100AA97EB /* Assets.xcassets */; };
		408FA3DD26FE387100AA97EB /* Preview Assets.xcassets in Resources */ = {isa = PBXBuildFile; fileRef = 408FA3DC26FE387100AA97EB /* Preview Assets.xcassets */; };
		408FA3E026FE387100AA97EB /* LaunchScreen.storyboard in Resources */ = {isa = PBXBuildFile; fileRef = 408FA3DE26FE387100AA97EB /* LaunchScreen.storyboard */; };
		408FA3EA270348E900AA97EB /* astronauts.json in Resources */ = {isa = PBXBuildFile; fileRef = 408FA3E8270348E900AA97EB /* astronauts.json */; };
		408FA3EB270348E900AA97EB /* missions.json in Resources */ = {isa = PBXBuildFile; fileRef = 408FA3E9270348E900AA97EB /* missions.json */; };
		408FA3EE2703491400AA97EB /* Austronaut.swift in Sources */ = {isa = PBXBuildFile; fileRef = 408FA3ED2703491400AA97EB /* Austronaut.swift */; };
		408FA3F12703494600AA97EB /* Bundle+Decodable.swift in Sources */ = {isa = PBXBuildFile; fileRef = 408FA3F02703494600AA97EB /* Bundle+Decodable.swift */; };
/* End PBXBuildFile section */

/* Begin PBXFileReference section */
		408FA3D026FE386800AA97EB /* Moonshot.app */ = {isa = PBXFileReference; explicitFileType = wrapper.application; includeInIndex = 0; path = Moonshot.app; sourceTree = BUILT_PRODUCTS_DIR; };
		408FA3D326FE386800AA97EB /* AppDelegate.swift */ = {isa = PBXFileReference; lastKnownFileType = sourcecode.swift; path = AppDelegate.swift; sourceTree = "<group>"; };
		408FA3D526FE386800AA97EB /* SceneDelegate.swift */ = {isa = PBXFileReference; lastKnownFileType = sourcecode.swift; path = SceneDelegate.swift; sourceTree = "<group>"; };
		408FA3D726FE386800AA97EB /* ContentView.swift */ = {isa = PBXFileReference; lastKnownFileType = sourcecode.swift; path = ContentView.swift; sourceTree = "<group>"; };
		408FA3D926FE387100AA97EB /* Assets.xcassets */ = {isa = PBXFileReference; lastKnownFileType = folder.assetcatalog; path = Assets.xcassets; sourceTree = "<group>"; };
		408FA3DC26FE387100AA97EB /* Preview Assets.xcassets */ = {isa = PBXFileReference; lastKnownFileType = folder.assetcatalog; path = "Preview Assets.xcassets"; sourceTree = "<group>"; };
		408FA3DF26FE387100AA97EB /* Base */ = {isa = PBXFileReference; lastKnownFileType = file.storyboard; name = Base; path = Base.lproj/LaunchScreen.storyboard; sourceTree = "<group>"; };
		408FA3E126FE387100AA97EB /* Info.plist */ = {isa = PBXFileReference; lastKnownFileType = text.plist.xml; path = Info.plist; sourceTree = "<group>"; };
		408FA3E8270348E900AA97EB /* astronauts.json */ = {isa = PBXFileReference; fileEncoding = 4; lastKnownFileType = text.json; path = astronauts.json; sourceTree = "<group>"; };
		408FA3E9270348E900AA97EB /* missions.json */ = {isa = PBXFileReference; fileEncoding = 4; lastKnownFileType = text.json; path = missions.json; sourceTree = "<group>"; };
		408FA3ED2703491400AA97EB /* Austronaut.swift */ = {isa = PBXFileReference; lastKnownFileType = sourcecode.swift; path = Austronaut.swift; sourceTree = "<group>"; };
		408FA3F02703494600AA97EB /* Bundle+Decodable.swift */ = {isa = PBXFileReference; lastKnownFileType = sourcecode.swift; path = "Bundle+Decodable.swift"; sourceTree = "<group>"; };
/* End PBXFileReference section */

/* Begin PBXFrameworksBuildPhase section */
		408FA3CD26FE386800AA97EB /* Frameworks */ = {
			isa = PBXFrameworksBuildPhase;
			buildActionMask = 2147483647;
			files = (
			);
			runOnlyForDeploymentPostprocessing = 0;
		};
/* End PBXFrameworksBuildPhase section */

/* Begin PBXGroup section */
		408FA3C726FE386800AA97EB = {
			isa = PBXGroup;
			children = (
				408FA3D226FE386800AA97EB /* Moonshot */,
				408FA3D126FE386800AA97EB /* Products */,
			);
			sourceTree = "<group>";
		};
		408FA3D126FE386800AA97EB /* Products */ = {
			isa = PBXGroup;
			children = (
				408FA3D026FE386800AA97EB /* Moonshot.app */,
			);
			name = Products;
			sourceTree = "<group>";
		};
		408FA3D226FE386800AA97EB /* Moonshot */ = {
			isa = PBXGroup;
			children = (
				408FA3D326FE386800AA97EB /* AppDelegate.swift */,
				408FA3D526FE386800AA97EB /* SceneDelegate.swift */,
				408FA3D726FE386800AA97EB /* ContentView.swift */,
				408FA3D926FE387100AA97EB /* Assets.xcassets */,
				408FA3DE26FE387100AA97EB /* LaunchScreen.storyboard */,
				408FA3E126FE387100AA97EB /* Info.plist */,
				408FA3E8270348E900AA97EB /* astronauts.json */,
				408FA3E9270348E900AA97EB /* missions.json */,
				408FA3DB26FE387100AA97EB /* Preview Content */,
				408FA3ED2703491400AA97EB /* Austronaut.swift */,
				408FA3F02703494600AA97EB /* Bundle+Decodable.swift */,
			);
			path = Moonshot;
			sourceTree = "<group>";
		};
		408FA3DB26FE387100AA97EB /* Preview Content */ = {
			isa = PBXGroup;
			children = (
				408FA3DC26FE387100AA97EB /* Preview Assets.xcassets */,
			);
			path = "Preview Content";
			sourceTree = "<group>";
		};
/* End PBXGroup section */

/* Begin PBXNativeTarget section */
		408FA3CF26FE386800AA97EB /* Moonshot */ = {
			isa = PBXNativeTarget;
			buildConfigurationList = 408FA3E426FE387100AA97EB /* Build configuration list for PBXNativeTarget "Moonshot" */;
			buildPhases = (
				408FA3CC26FE386800AA97EB /* Sources */,
				408FA3CD26FE386800AA97EB /* Frameworks */,
				408FA3CE26FE386800AA97EB /* Resources */,
			);
			buildRules = (
			);
			dependencies = (
			);
			name = Moonshot;
			productName = Moonshot;
			productReference = 408FA3D026FE386800AA97EB /* Moonshot.app */;
			productType = "com.apple.product-type.application";
		};
/* End PBXNativeTarget section */

/* Begin PBXProject section */
		408FA3C826FE386800AA97EB /* Project object */ = {
			isa = PBXProject;
			attributes = {
				LastSwiftUpdateCheck = 1230;
				LastUpgradeCheck = 1230;
				TargetAttributes = {
					408FA3CF26FE386800AA97EB = {
						CreatedOnToolsVersion = 12.3;
					};
				};
			};
			buildConfigurationList = 408FA3CB26FE386800AA97EB /* Build configuration list for PBXProject "Moonshot" */;
			compatibilityVersion = "Xcode 9.3";
			developmentRegion = en;
			hasScannedForEncodings = 0;
			knownRegions = (
				en,
				Base,
			);
			mainGroup = 408FA3C726FE386800AA97EB;
			productRefGroup = 408FA3D126FE386800AA97EB /* Products */;
			projectDirPath = "";
			projectRoot = "";
			targets = (
				408FA3CF26FE386800AA97EB /* Moonshot */,
			);
		};
/* End PBXProject section */

/* Begin PBXResourcesBuildPhase section */
		408FA3CE26FE386800AA97EB /* Resources */ = {
			isa = PBXResourcesBuildPhase;
			buildActionMask = 2147483647;
			files = (
				408FA3E026FE387100AA97EB /* LaunchScreen.storyboard in Resources */,
				408FA3EB270348E900AA97EB /* missions.json in Resources */,
				408FA3DD26FE387100AA97EB /* Preview Assets.xcassets in Resources */,
				408FA3DA26FE387100AA97EB /* Assets.xcassets in Resources */,
				408FA3EA270348E900AA97EB /* astronauts.json in Resources */,
			);
			runOnlyForDeploymentPostprocessing = 0;
		};
/* End PBXResourcesBuildPhase section */

/* Begin PBXSourcesBuildPhase section */
		408FA3CC26FE386800AA97EB /* Sources */ = {
			isa = PBXSourcesBuildPhase;
			buildActionMask = 2147483647;
			files = (
				408FA3D426FE386800AA97EB /* AppDelegate.swift in Sources */,
				408FA3F12703494600AA97EB /* Bundle+Decodable.swift in Sources */,
				408FA3EE2703491400AA97EB /* Austronaut.swift in Sources */,
				408FA3D626FE386800AA97EB /* SceneDelegate.swift in Sources */,
				408FA3D826FE386800AA97EB /* ContentView.swift in Sources */,
			);
			runOnlyForDeploymentPostprocessing = 0;
		};
/* End PBXSourcesBuildPhase section */

/* Begin PBXVariantGroup section */
		408FA3DE26FE387100AA97EB /* LaunchScreen.storyboard */ = {
			isa = PBXVariantGroup;
			children = (
				408FA3DF26FE387100AA97EB /* Base */,
			);
			name = LaunchScreen.storyboard;
			sourceTree = "<group>";
		};
/* End PBXVariantGroup section */

/* Begin XCBuildConfiguration section */
		408FA3E226FE387100AA97EB /* Debug */ = {
			isa = XCBuildConfiguration;
			buildSettings = {
				ALWAYS_SEARCH_USER_PATHS = NO;
				CLANG_ANALYZER_NONNULL = YES;
				CLANG_ANALYZER_NUMBER_OBJECT_CONVERSION = YES_AGGRESSIVE;
				CLANG_CXX_LANGUAGE_STANDARD = "gnu++14";
				CLANG_CXX_LIBRARY = "libc++";
				CLANG_ENABLE_MODULES = YES;
				CLANG_ENABLE_OBJC_ARC = YES;
				CLANG_ENABLE_OBJC_WEAK = YES;
				CLANG_WARN_BLOCK_CAPTURE_AUTORELEASING = YES;
				CLANG_WARN_BOOL_CONVERSION = YES;
				CLANG_WARN_COMMA = YES;
				CLANG_WARN_CONSTANT_CONVERSION = YES;
				CLANG_WARN_DEPRECATED_OBJC_IMPLEMENTATIONS = YES;
				CLANG_WARN_DIRECT_OBJC_ISA_USAGE = YES_ERROR;
				CLANG_WARN_DOCUMENTATION_COMMENTS = YES;
				CLANG_WARN_EMPTY_BODY = YES;
				CLANG_WARN_ENUM_CONVERSION = YES;
				CLANG_WARN_INFINITE_RECURSION = YES;
				CLANG_WARN_INT_CONVERSION = YES;
				CLANG_WARN_NON_LITERAL_NULL_CONVERSION = YES;
				CLANG_WARN_OBJC_IMPLICIT_RETAIN_SELF = YES;
				CLANG_WARN_OBJC_LITERAL_CONVERSION = YES;
				CLANG_WARN_OBJC_ROOT_CLASS = YES_ERROR;
				CLANG_WARN_QUOTED_INCLUDE_IN_FRAMEWORK_HEADER = YES;
				CLANG_WARN_RANGE_LOOP_ANALYSIS = YES;
				CLANG_WARN_STRICT_PROTOTYPES = YES;
				CLANG_WARN_SUSPICIOUS_MOVE = YES;
				CLANG_WARN_UNGUARDED_AVAILABILITY = YES_AGGRESSIVE;
				CLANG_WARN_UNREACHABLE_CODE = YES;
				CLANG_WARN__DUPLICATE_METHOD_MATCH = YES;
				COPY_PHASE_STRIP = NO;
				DEBUG_INFORMATION_FORMAT = dwarf;
				ENABLE_STRICT_OBJC_MSGSEND = YES;
				ENABLE_TESTABILITY = YES;
				GCC_C_LANGUAGE_STANDARD = gnu11;
				GCC_DYNAMIC_NO_PIC = NO;
				GCC_NO_COMMON_BLOCKS = YES;
				GCC_OPTIMIZATION_LEVEL = 0;
				GCC_PREPROCESSOR_DEFINITIONS = (
					"DEBUG=1",
					"$(inherited)",
				);
				GCC_WARN_64_TO_32_BIT_CONVERSION = YES;
				GCC_WARN_ABOUT_RETURN_TYPE = YES_ERROR;
				GCC_WARN_UNDECLARED_SELECTOR = YES;
				GCC_WARN_UNINITIALIZED_AUTOS = YES_AGGRESSIVE;
				GCC_WARN_UNUSED_FUNCTION = YES;
				GCC_WARN_UNUSED_VARIABLE = YES;
				IPHONEOS_DEPLOYMENT_TARGET = 14.3;
				MTL_ENABLE_DEBUG_INFO = INCLUDE_SOURCE;
				MTL_FAST_MATH = YES;
				ONLY_ACTIVE_ARCH = YES;
				SDKROOT = iphoneos;
				SWIFT_ACTIVE_COMPILATION_CONDITIONS = DEBUG;
				SWIFT_OPTIMIZATION_LEVEL = "-Onone";
			};
			name = Debug;
		};
		408FA3E326FE387100AA97EB /* Release */ = {
			isa = XCBuildConfiguration;
			buildSettings = {
				ALWAYS_SEARCH_USER_PATHS = NO;
				CLANG_ANALYZER_NONNULL = YES;
				CLANG_ANALYZER_NUMBER_OBJECT_CONVERSION = YES_AGGRESSIVE;
				CLANG_CXX_LANGUAGE_STANDARD = "gnu++14";
				CLANG_CXX_LIBRARY = "libc++";
				CLANG_ENABLE_MODULES = YES;
				CLANG_ENABLE_OBJC_ARC = YES;
				CLANG_ENABLE_OBJC_WEAK = YES;
				CLANG_WARN_BLOCK_CAPTURE_AUTORELEASING = YES;
				CLANG_WARN_BOOL_CONVERSION = YES;
				CLANG_WARN_COMMA = YES;
				CLANG_WARN_CONSTANT_CONVERSION = YES;
				CLANG_WARN_DEPRECATED_OBJC_IMPLEMENTATIONS = YES;
				CLANG_WARN_DIRECT_OBJC_ISA_USAGE = YES_ERROR;
				CLANG_WARN_DOCUMENTATION_COMMENTS = YES;
				CLANG_WARN_EMPTY_BODY = YES;
				CLANG_WARN_ENUM_CONVERSION = YES;
				CLANG_WARN_INFINITE_RECURSION = YES;
				CLANG_WARN_INT_CONVERSION = YES;
				CLANG_WARN_NON_LITERAL_NULL_CONVERSION = YES;
				CLANG_WARN_OBJC_IMPLICIT_RETAIN_SELF = YES;
				CLANG_WARN_OBJC_LITERAL_CONVERSION = YES;
				CLANG_WARN_OBJC_ROOT_CLASS = YES_ERROR;
				CLANG_WARN_QUOTED_INCLUDE_IN_FRAMEWORK_HEADER = YES;
				CLANG_WARN_RANGE_LOOP_ANALYSIS = YES;
				CLANG_WARN_STRICT_PROTOTYPES = YES;
				CLANG_WARN_SUSPICIOUS_MOVE = YES;
				CLANG_WARN_UNGUARDED_AVAILABILITY = YES_AGGRESSIVE;
				CLANG_WARN_UNREACHABLE_CODE = YES;
				CLANG_WARN__DUPLICATE_METHOD_MATCH = YES;
				COPY_PHASE_STRIP = NO;
				DEBUG_INFORMATION_FORMAT = "dwarf-with-dsym";
				ENABLE_NS_ASSERTIONS = NO;
				ENABLE_STRICT_OBJC_MSGSEND = YES;
				GCC_C_LANGUAGE_STANDARD = gnu11;
				GCC_NO_COMMON_BLOCKS = YES;
				GCC_WARN_64_TO_32_BIT_CONVERSION = YES;
				GCC_WARN_ABOUT_RETURN_TYPE = YES_ERROR;
				GCC_WARN_UNDECLARED_SELECTOR = YES;
				GCC_WARN_UNINITIALIZED_AUTOS = YES_AGGRESSIVE;
				GCC_WARN_UNUSED_FUNCTION = YES;
				GCC_WARN_UNUSED_VARIABLE = YES;
				IPHONEOS_DEPLOYMENT_TARGET = 14.3;
				MTL_ENABLE_DEBUG_INFO = NO;
				MTL_FAST_MATH = YES;
				SDKROOT = iphoneos;
				SWIFT_COMPILATION_MODE = wholemodule;
				SWIFT_OPTIMIZATION_LEVEL = "-O";
				VALIDATE_PRODUCT = YES;
			};
			name = Release;
		};
		408FA3E526FE387100AA97EB /* Debug */ = {
			isa = XCBuildConfiguration;
			buildSettings = {
				ASSETCATALOG_COMPILER_APPICON_NAME = AppIcon;
				ASSETCATALOG_COMPILER_GLOBAL_ACCENT_COLOR_NAME = AccentColor;
				CODE_SIGN_STYLE = Automatic;
				DEVELOPMENT_ASSET_PATHS = "\"Moonshot/Preview Content\"";
				ENABLE_PREVIEWS = YES;
				INFOPLIST_FILE = Moonshot/Info.plist;
				LD_RUNPATH_SEARCH_PATHS = (
					"$(inherited)",
					"@executable_path/Frameworks",
				);
				PRODUCT_BUNDLE_IDENTIFIER = com.example.Moonshot;
				PRODUCT_NAME = "$(TARGET_NAME)";
				SWIFT_VERSION = 5.0;
				TARGETED_DEVICE_FAMILY = "1,2";
			};
			name = Debug;
		};
		408FA3E626FE387100AA97EB /* Release */ = {
			isa = XCBuildConfiguration;
			buildSettings = {
				ASSETCATALOG_COMPILER_APPICON_NAME = AppIcon;
				ASSETCATALOG_COMPILER_GLOBAL_ACCENT_COLOR_NAME = AccentColor;
				CODE_SIGN_STYLE = Automatic;
				DEVELOPMENT_ASSET_PATHS = "\"Moonshot/Preview Content\"";
				ENABLE_PREVIEWS = YES;
				INFOPLIST_FILE = Moonshot/Info.plist;
				LD_RUNPATH_SEARCH_PATHS = (
					"$(inherited)",
					"@executable_path/Frameworks",
				);
				PRODUCT_BUNDLE_IDENTIFIER = com.example.Moonshot;
				PRODUCT_NAME = "$(TARGET_NAME)";
				SWIFT_VERSION = 5.0;
				TARGETED_DEVICE_FAMILY = "1,2";
			};
			name = Release;
		};
/* End XCBuildConfiguration section */

/* Begin XCConfigurationList section */
		408FA3CB26FE386800AA97EB /* Build configuration list for PBXProject "Moonshot" */ = {
			isa = XCConfigurationList;
			buildConfigurations = (
				408FA3E226FE387100AA97EB /* Debug */,
				408FA3E326FE387100AA97EB /* Release */,
			);
			defaultConfigurationIsVisible = 0;
			defaultConfigurationName = Release;
		};
		408FA3E426FE387100AA97EB /* Build configuration list for PBXNativeTarget "Moonshot" */ = {
			isa = XCConfigurationList;
			buildConfigurations = (
				408FA3E526FE387100AA97EB /* Debug */,
				408FA3E626FE387100AA97EB /* Release */,
			);
			defaultConfigurationIsVisible = 0;
			defaultConfigurationName = Release;
		};
/* End XCConfigurationList section */
	};
	rootObject = 408FA3C826FE386800AA97EB /* Project object */;
}
